{
    "_meta": {
        "hash": {
            "sha256": "a82a90c1e499d252d236d0d1c693cb58dfb849334716eb6a83087e1ebf18ec24"
        },
        "pipfile-spec": 6,
        "requires": {
            "python_version": "3.6"
        },
        "sources": [
            {
                "name": "pypi",
                "url": "https://pypi.org/simple",
                "verify_ssl": false
            }
        ]
    },
    "default": {
        "65b7439": {
            "file": "https://github.com/aysa-sa/docker-registry-client/archive/2019.11.22.zip"
        },
        "b30118e": {
            "file": "https://github.com/aysa-sa/common/archive/2019.11.28.zip"
        }
    },
    "develop": {}
}
